
Microsoft Visual Studio Solution File, Format Version 12.00
# Visual Studio 14
VisualStudioVersion = 14.0.25420.1
MinimumVisualStudioVersion = 10.0.40219.1
Project("{FAE04EC0-301F-11D3-BF4B-00C04F79EFBC}") = "MegaMillionsApp", "MegaMillionsApp\MegaMillionsApp.csproj", "{B899634F-8320-4D6F-9766-91E4286A9E88}"
EndProject
Project("{FAE04EC0-301F-11D3-BF4B-00C04F79EFBC}") = "MegaMillionsAppUnitTests", "MegaMillionsAppUnitTests\MegaMillionsAppUnitTests.csproj", "{EA0025D0-325A-4787-A06E-D422B7C1A438}"
EndProject
Global
	GlobalSection(SolutionConfigurationPlatforms) = preSolution
		Debug|Any CPU = Debug|Any CPU
		Release|Any CPU = Release|Any CPU
	EndGlobalSection
	GlobalSection(ProjectConfigurationPlatforms) = postSolution
		{B899634F-8320-4D6F-9766-91E4286A9E88}.Debug|Any CPU.ActiveCfg = Debug|Any CPU
		{B899634F-8320-4D6F-9766-91E4286A9E88}.Debug|Any CPU.Build.0 = Debug|Any CPU
		{B899634F-8320-4D6F-9766-91E4286A9E88}.Release|Any CPU.ActiveCfg = Release|Any CPU
		{B899634F-8320-4D6F-9766-91E4286A9E88}.Release|Any CPU.Build.0 = Release|Any CPU
		{EA0025D0-325A-4787-A06E-D422B7C1A438}.Debug|Any CPU.ActiveCfg = Debug|Any CPU
		{EA0025D0-325A-4787-A06E-D422B7C1A438}.Debug|Any CPU.Build.0 = Debug|Any CPU
		{EA0025D0-325A-4787-A06E-D422B7C1A438}.Release|Any CPU.ActiveCfg = Release|Any CPU
		{EA0025D0-325A-4787-A06E-D422B7C1A438}.Release|Any CPU.Build.0 = Release|Any CPU
	EndGlobalSection
	GlobalSection(SolutionProperties) = preSolution
		HideSolutionNode = FALSE
	EndGlobalSection
EndGlobal
